
Microsoft Visual Studio Solution File, Format Version 12.00
# Visual Studio Version 17
VisualStudioVersion = 17.2.32526.322
MinimumVisualStudioVersion = 10.0.40219.1
Project("{FAE04EC0-301F-11D3-BF4B-00C04F79EFBC}") = "Actividad8", "Actividad8\Actividad8.csproj", "{754260A0-BB13-4EED-9FFF-31948618421F}"
EndProject
Global
	GlobalSection(SolutionConfigurationPlatforms) = preSolution
		Debug|Any CPU = Debug|Any CPU
		Release|Any CPU = Release|Any CPU
	EndGlobalSection
	GlobalSection(ProjectConfigurationPlatforms) = postSolution
		{754260A0-BB13-4EED-9FFF-31948618421F}.Debug|Any CPU.ActiveCfg = Debug|Any CPU
		{754260A0-BB13-4EED-9FFF-31948618421F}.Debug|Any CPU.Build.0 = Debug|Any CPU
		{754260A0-BB13-4EED-9FFF-31948618421F}.Release|Any CPU.ActiveCfg = Release|Any CPU
		{754260A0-BB13-4EED-9FFF-31948618421F}.Release|Any CPU.Build.0 = Release|Any CPU
	EndGlobalSection
	GlobalSection(SolutionProperties) = preSolution
		HideSolutionNode = FALSE
	EndGlobalSection
	GlobalSection(ExtensibilityGlobals) = postSolution
		SolutionGuid = {AB6D0B77-69CA-47C8-AE3E-14209F38FE29}
	EndGlobalSection
EndGlobal
