
Microsoft Visual Studio Solution File, Format Version 12.00
# Visual Studio Version 16
VisualStudioVersion = 16.0.30503.244
MinimumVisualStudioVersion = 10.0.40219.1
Project("{9A19103F-16F7-4668-BE54-9A1E7A4F7556}") = "Ejercicio1", "Ejercicio1.csproj", "{3BC15F94-D1F3-43DD-B4DC-29E6B1595215}"
EndProject
Project("{9A19103F-16F7-4668-BE54-9A1E7A4F7556}") = "Ejercicio2", "..\Ejercicio2\Ejercicio2.csproj", "{4AA73A1B-D90A-4ECC-AC27-E49545AA1EC0}"
EndProject
Project("{9A19103F-16F7-4668-BE54-9A1E7A4F7556}") = "Ejercicio3", "..\Ejercicio3\Ejercicio3.csproj", "{44D445B3-AFD8-41C7-BD9A-165A53B70CCA}"
EndProject
Project("{FAE04EC0-301F-11D3-BF4B-00C04F79EFBC}") = "Ejercicio12", "..\Ejercicio12\Ejercicio12.csproj", "{14AC18EC-0B17-4BD3-87F4-F7C8F986F30F}"
EndProject
Project("{FAE04EC0-301F-11D3-BF4B-00C04F79EFBC}") = "Ejercicio13", "..\Ejercicio13\Ejercicio13.csproj", "{3AC86FF2-2F23-4187-92F1-9AEFB7378753}"
EndProject
Project("{FAE04EC0-301F-11D3-BF4B-00C04F79EFBC}") = "Ejercicio14", "..\Ejercicio14\Ejercicio14.csproj", "{53EDE08D-8E84-4D13-9086-3BBF25EF9013}"
EndProject
Project("{FAE04EC0-301F-11D3-BF4B-00C04F79EFBC}") = "Ejercicio15", "..\Ejercicio15\Ejercicio15.csproj", "{6ADDC1E9-E899-4C4A-B4D0-160F844257C5}"
EndProject
Project("{FAE04EC0-301F-11D3-BF4B-00C04F79EFBC}") = "Ejercicio16", "..\Ejercicio16\Ejercicio16.csproj", "{76070A2A-F962-47CE-AC0E-298B090D4CAA}"
EndProject
Project("{FAE04EC0-301F-11D3-BF4B-00C04F79EFBC}") = "Ejercicio17", "..\Ejercicio17\Ejercicio17.csproj", "{AE2CF89D-5C64-4CF7-BE56-F0E894285485}"
EndProject
Project("{FAE04EC0-301F-11D3-BF4B-00C04F79EFBC}") = "Ejercicio18", "..\Ejercicio18\Ejercicio18.csproj", "{90F109E2-380E-4A90-BFDF-4A6AA32FCE15}"
EndProject
Project("{FAE04EC0-301F-11D3-BF4B-00C04F79EFBC}") = "Ejercicio19", "..\Ejercicio19\Ejercicio19.csproj", "{94C48626-26C0-48D5-A040-CEDEEE9A5A7F}"
EndProject
Project("{FAE04EC0-301F-11D3-BF4B-00C04F79EFBC}") = "Ejercicio20", "..\Ejercicio20\Ejercicio20.csproj", "{FA4DA6B3-49F3-4AC7-9C8F-AE2F20ECF385}"
EndProject
Project("{FAE04EC0-301F-11D3-BF4B-00C04F79EFBC}") = "Ejercicio21", "..\Ejercicio21\Ejercicio21.csproj", "{C5367CBF-B527-464B-AA07-22EA19D16EF2}"
EndProject
Project("{FAE04EC0-301F-11D3-BF4B-00C04F79EFBC}") = "Ejercicio22", "..\Ejercicio22\Ejercicio22.csproj", "{B42CBD1D-0439-4D76-90A0-116683F35EE0}"
EndProject
Project("{FAE04EC0-301F-11D3-BF4B-00C04F79EFBC}") = "Ejercicio23", "..\Ejercicio23\Ejercicio23.csproj", "{374434B4-1989-48A6-9287-6BA2A217CB0F}"
EndProject
Project("{FAE04EC0-301F-11D3-BF4B-00C04F79EFBC}") = "Ejercicio24", "..\Ejercicio24\Ejercicio24.csproj", "{E1F5CEEF-D8AB-4D7F-BB10-082D0C0667B2}"
EndProject
Project("{FAE04EC0-301F-11D3-BF4B-00C04F79EFBC}") = "Ejercicio25", "..\Ejercicio25\Ejercicio25.csproj", "{FC354DA2-9388-47AB-BA79-7731D73B5778}"
EndProject
Global
	GlobalSection(SolutionConfigurationPlatforms) = preSolution
		Debug|Any CPU = Debug|Any CPU
		Release|Any CPU = Release|Any CPU
	EndGlobalSection
	GlobalSection(ProjectConfigurationPlatforms) = postSolution
		{3BC15F94-D1F3-43DD-B4DC-29E6B1595215}.Debug|Any CPU.ActiveCfg = Debug|Any CPU
		{3BC15F94-D1F3-43DD-B4DC-29E6B1595215}.Debug|Any CPU.Build.0 = Debug|Any CPU
		{3BC15F94-D1F3-43DD-B4DC-29E6B1595215}.Release|Any CPU.ActiveCfg = Release|Any CPU
		{3BC15F94-D1F3-43DD-B4DC-29E6B1595215}.Release|Any CPU.Build.0 = Release|Any CPU
		{4AA73A1B-D90A-4ECC-AC27-E49545AA1EC0}.Debug|Any CPU.ActiveCfg = Debug|Any CPU
		{4AA73A1B-D90A-4ECC-AC27-E49545AA1EC0}.Debug|Any CPU.Build.0 = Debug|Any CPU
		{4AA73A1B-D90A-4ECC-AC27-E49545AA1EC0}.Release|Any CPU.ActiveCfg = Release|Any CPU
		{4AA73A1B-D90A-4ECC-AC27-E49545AA1EC0}.Release|Any CPU.Build.0 = Release|Any CPU
		{44D445B3-AFD8-41C7-BD9A-165A53B70CCA}.Debug|Any CPU.ActiveCfg = Debug|Any CPU
		{44D445B3-AFD8-41C7-BD9A-165A53B70CCA}.Debug|Any CPU.Build.0 = Debug|Any CPU
		{44D445B3-AFD8-41C7-BD9A-165A53B70CCA}.Release|Any CPU.ActiveCfg = Release|Any CPU
		{44D445B3-AFD8-41C7-BD9A-165A53B70CCA}.Release|Any CPU.Build.0 = Release|Any CPU
		{14AC18EC-0B17-4BD3-87F4-F7C8F986F30F}.Debug|Any CPU.ActiveCfg = Debug|Any CPU
		{14AC18EC-0B17-4BD3-87F4-F7C8F986F30F}.Debug|Any CPU.Build.0 = Debug|Any CPU
		{14AC18EC-0B17-4BD3-87F4-F7C8F986F30F}.Release|Any CPU.ActiveCfg = Release|Any CPU
		{14AC18EC-0B17-4BD3-87F4-F7C8F986F30F}.Release|Any CPU.Build.0 = Release|Any CPU
		{3AC86FF2-2F23-4187-92F1-9AEFB7378753}.Debug|Any CPU.ActiveCfg = Debug|Any CPU
		{3AC86FF2-2F23-4187-92F1-9AEFB7378753}.Debug|Any CPU.Build.0 = Debug|Any CPU
		{3AC86FF2-2F23-4187-92F1-9AEFB7378753}.Release|Any CPU.ActiveCfg = Release|Any CPU
		{3AC86FF2-2F23-4187-92F1-9AEFB7378753}.Release|Any CPU.Build.0 = Release|Any CPU
		{53EDE08D-8E84-4D13-9086-3BBF25EF9013}.Debug|Any CPU.ActiveCfg = Debug|Any CPU
		{53EDE08D-8E84-4D13-9086-3BBF25EF9013}.Debug|Any CPU.Build.0 = Debug|Any CPU
		{53EDE08D-8E84-4D13-9086-3BBF25EF9013}.Release|Any CPU.ActiveCfg = Release|Any CPU
		{53EDE08D-8E84-4D13-9086-3BBF25EF9013}.Release|Any CPU.Build.0 = Release|Any CPU
		{6ADDC1E9-E899-4C4A-B4D0-160F844257C5}.Debug|Any CPU.ActiveCfg = Debug|Any CPU
		{6ADDC1E9-E899-4C4A-B4D0-160F844257C5}.Debug|Any CPU.Build.0 = Debug|Any CPU
		{6ADDC1E9-E899-4C4A-B4D0-160F844257C5}.Release|Any CPU.ActiveCfg = Release|Any CPU
		{6ADDC1E9-E899-4C4A-B4D0-160F844257C5}.Release|Any CPU.Build.0 = Release|Any CPU
		{76070A2A-F962-47CE-AC0E-298B090D4CAA}.Debug|Any CPU.ActiveCfg = Debug|Any CPU
		{76070A2A-F962-47CE-AC0E-298B090D4CAA}.Debug|Any CPU.Build.0 = Debug|Any CPU
		{76070A2A-F962-47CE-AC0E-298B090D4CAA}.Release|Any CPU.ActiveCfg = Release|Any CPU
		{76070A2A-F962-47CE-AC0E-298B090D4CAA}.Release|Any CPU.Build.0 = Release|Any CPU
		{AE2CF89D-5C64-4CF7-BE56-F0E894285485}.Debug|Any CPU.ActiveCfg = Debug|Any CPU
		{AE2CF89D-5C64-4CF7-BE56-F0E894285485}.Debug|Any CPU.Build.0 = Debug|Any CPU
		{AE2CF89D-5C64-4CF7-BE56-F0E894285485}.Release|Any CPU.ActiveCfg = Release|Any CPU
		{AE2CF89D-5C64-4CF7-BE56-F0E894285485}.Release|Any CPU.Build.0 = Release|Any CPU
		{90F109E2-380E-4A90-BFDF-4A6AA32FCE15}.Debug|Any CPU.ActiveCfg = Debug|Any CPU
		{90F109E2-380E-4A90-BFDF-4A6AA32FCE15}.Debug|Any CPU.Build.0 = Debug|Any CPU
		{90F109E2-380E-4A90-BFDF-4A6AA32FCE15}.Release|Any CPU.ActiveCfg = Release|Any CPU
		{90F109E2-380E-4A90-BFDF-4A6AA32FCE15}.Release|Any CPU.Build.0 = Release|Any CPU
		{94C48626-26C0-48D5-A040-CEDEEE9A5A7F}.Debug|Any CPU.ActiveCfg = Debug|Any CPU
		{94C48626-26C0-48D5-A040-CEDEEE9A5A7F}.Debug|Any CPU.Build.0 = Debug|Any CPU
		{94C48626-26C0-48D5-A040-CEDEEE9A5A7F}.Release|Any CPU.ActiveCfg = Release|Any CPU
		{94C48626-26C0-48D5-A040-CEDEEE9A5A7F}.Release|Any CPU.Build.0 = Release|Any CPU
		{FA4DA6B3-49F3-4AC7-9C8F-AE2F20ECF385}.Debug|Any CPU.ActiveCfg = Debug|Any CPU
		{FA4DA6B3-49F3-4AC7-9C8F-AE2F20ECF385}.Debug|Any CPU.Build.0 = Debug|Any CPU
		{FA4DA6B3-49F3-4AC7-9C8F-AE2F20ECF385}.Release|Any CPU.ActiveCfg = Release|Any CPU
		{FA4DA6B3-49F3-4AC7-9C8F-AE2F20ECF385}.Release|Any CPU.Build.0 = Release|Any CPU
		{C5367CBF-B527-464B-AA07-22EA19D16EF2}.Debug|Any CPU.ActiveCfg = Debug|Any CPU
		{C5367CBF-B527-464B-AA07-22EA19D16EF2}.Debug|Any CPU.Build.0 = Debug|Any CPU
		{C5367CBF-B527-464B-AA07-22EA19D16EF2}.Release|Any CPU.ActiveCfg = Release|Any CPU
		{C5367CBF-B527-464B-AA07-22EA19D16EF2}.Release|Any CPU.Build.0 = Release|Any CPU
		{B42CBD1D-0439-4D76-90A0-116683F35EE0}.Debug|Any CPU.ActiveCfg = Debug|Any CPU
		{B42CBD1D-0439-4D76-90A0-116683F35EE0}.Debug|Any CPU.Build.0 = Debug|Any CPU
		{B42CBD1D-0439-4D76-90A0-116683F35EE0}.Release|Any CPU.ActiveCfg = Release|Any CPU
		{B42CBD1D-0439-4D76-90A0-116683F35EE0}.Release|Any CPU.Build.0 = Release|Any CPU
		{374434B4-1989-48A6-9287-6BA2A217CB0F}.Debug|Any CPU.ActiveCfg = Debug|Any CPU
		{374434B4-1989-48A6-9287-6BA2A217CB0F}.Debug|Any CPU.Build.0 = Debug|Any CPU
		{374434B4-1989-48A6-9287-6BA2A217CB0F}.Release|Any CPU.ActiveCfg = Release|Any CPU
		{374434B4-1989-48A6-9287-6BA2A217CB0F}.Release|Any CPU.Build.0 = Release|Any CPU
		{E1F5CEEF-D8AB-4D7F-BB10-082D0C0667B2}.Debug|Any CPU.ActiveCfg = Debug|Any CPU
		{E1F5CEEF-D8AB-4D7F-BB10-082D0C0667B2}.Debug|Any CPU.Build.0 = Debug|Any CPU
		{E1F5CEEF-D8AB-4D7F-BB10-082D0C0667B2}.Release|Any CPU.ActiveCfg = Release|Any CPU
		{E1F5CEEF-D8AB-4D7F-BB10-082D0C0667B2}.Release|Any CPU.Build.0 = Release|Any CPU
		{FC354DA2-9388-47AB-BA79-7731D73B5778}.Debug|Any CPU.ActiveCfg = Debug|Any CPU
		{FC354DA2-9388-47AB-BA79-7731D73B5778}.Debug|Any CPU.Build.0 = Debug|Any CPU
		{FC354DA2-9388-47AB-BA79-7731D73B5778}.Release|Any CPU.ActiveCfg = Release|Any CPU
		{FC354DA2-9388-47AB-BA79-7731D73B5778}.Release|Any CPU.Build.0 = Release|Any CPU
	EndGlobalSection
	GlobalSection(SolutionProperties) = preSolution
		HideSolutionNode = FALSE
	EndGlobalSection
	GlobalSection(ExtensibilityGlobals) = postSolution
		SolutionGuid = {E330E9B1-0F1C-4368-ACAF-14D78FCFB570}
	EndGlobalSection
EndGlobal
