
Microsoft Visual Studio Solution File, Format Version 12.00
# Visual Studio Version 17
VisualStudioVersion = 17.2.32526.322
MinimumVisualStudioVersion = 10.0.40219.1
Project("{FAE04EC0-301F-11D3-BF4B-00C04F79EFBC}") = "Actividad1", "Actividad1\Actividad1.csproj", "{2C74E954-3153-48AC-B016-BC5291B1CFE1}"
EndProject
Global
	GlobalSection(SolutionConfigurationPlatforms) = preSolution
		Debug|Any CPU = Debug|Any CPU
		Release|Any CPU = Release|Any CPU
	EndGlobalSection
	GlobalSection(ProjectConfigurationPlatforms) = postSolution
		{2C74E954-3153-48AC-B016-BC5291B1CFE1}.Debug|Any CPU.ActiveCfg = Debug|Any CPU
		{2C74E954-3153-48AC-B016-BC5291B1CFE1}.Debug|Any CPU.Build.0 = Debug|Any CPU
		{2C74E954-3153-48AC-B016-BC5291B1CFE1}.Release|Any CPU.ActiveCfg = Release|Any CPU
		{2C74E954-3153-48AC-B016-BC5291B1CFE1}.Release|Any CPU.Build.0 = Release|Any CPU
	EndGlobalSection
	GlobalSection(SolutionProperties) = preSolution
		HideSolutionNode = FALSE
	EndGlobalSection
	GlobalSection(ExtensibilityGlobals) = postSolution
		SolutionGuid = {E7C88CF1-71A1-4752-9E58-221EB98EE02F}
	EndGlobalSection
EndGlobal
